
Microsoft Visual Studio Solution File, Format Version 12.00
# Visual Studio Version 17
VisualStudioVersion = 17.4.33213.308
MinimumVisualStudioVersion = 10.0.40219.1
Project("{FAE04EC0-301F-11D3-BF4B-00C04F79EFBC}") = "StudentCrudMVC_Feb9", "StudentCrudMVC_Feb9\StudentCrudMVC_Feb9.csproj", "{FA64B047-C1B2-42D1-ADD9-96100FD81569}"
EndProject
Global
	GlobalSection(SolutionConfigurationPlatforms) = preSolution
		Debug|Any CPU = Debug|Any CPU
		Release|Any CPU = Release|Any CPU
	EndGlobalSection
	GlobalSection(ProjectConfigurationPlatforms) = postSolution
		{FA64B047-C1B2-42D1-ADD9-96100FD81569}.Debug|Any CPU.ActiveCfg = Debug|Any CPU
		{FA64B047-C1B2-42D1-ADD9-96100FD81569}.Debug|Any CPU.Build.0 = Debug|Any CPU
		{FA64B047-C1B2-42D1-ADD9-96100FD81569}.Release|Any CPU.ActiveCfg = Release|Any CPU
		{FA64B047-C1B2-42D1-ADD9-96100FD81569}.Release|Any CPU.Build.0 = Release|Any CPU
	EndGlobalSection
	GlobalSection(SolutionProperties) = preSolution
		HideSolutionNode = FALSE
	EndGlobalSection
	GlobalSection(ExtensibilityGlobals) = postSolution
		SolutionGuid = {B61347D6-FAD0-46AD-8725-0FE2A489351B}
	EndGlobalSection
EndGlobal
